
Microsoft Visual Studio Solution File, Format Version 12.00
Project("{2150E333-8FDC-42A3-9474-1A3956D46DE8}") = "src", "src", "{36121A32-0A5F-4ED4-A8B5-787B00C58EE0}"
	ProjectSection(SolutionItems) = preProject
		src\compose.yml = src\compose.yml
	EndProjectSection
EndProject
Project("{2150E333-8FDC-42A3-9474-1A3956D46DE8}") = "tests", "tests", "{EF249B96-26B7-49AC-8EB8-73F747DCDC55}"
EndProject
Project("{FAE04EC0-301F-11D3-BF4B-00C04F79EFBC}") = "FinCs.Api", "src\FinCs.Api\FinCs.Api.csproj", "{5698D7B2-0671-4815-918A-ED21CA5249A4}"
EndProject
Project("{FAE04EC0-301F-11D3-BF4B-00C04F79EFBC}") = "FinCs.Domain", "src\FinCs.Domain\FinCs.Domain.csproj", "{5779503A-F408-4638-AA3F-49CCAE626960}"
EndProject
Project("{FAE04EC0-301F-11D3-BF4B-00C04F79EFBC}") = "FinCs.Communication", "src\FinCs.Communication\FinCs.Communication.csproj", "{353D2DF3-FDAE-4784-8223-E8C23AAF4650}"
EndProject
Project("{FAE04EC0-301F-11D3-BF4B-00C04F79EFBC}") = "FinCs.Application", "src\FinCs.Application\FinCs.Application.csproj", "{1957A294-AAB5-4E9B-BB16-56D10021A6D8}"
EndProject
Project("{FAE04EC0-301F-11D3-BF4B-00C04F79EFBC}") = "FinCs.Exception", "src\FinCs.Exception\FinCs.Exception.csproj", "{E7D70722-CAEB-4C72-B9D4-C1D3EC8723C5}"
EndProject
Project("{FAE04EC0-301F-11D3-BF4B-00C04F79EFBC}") = "FinCs.Infrastructure", "src\FinCs.Infrastructure\FinCs.Infrastructure.csproj", "{BFF526A9-FC75-409A-BB32-47B1833B7A40}"
EndProject
Project("{FAE04EC0-301F-11D3-BF4B-00C04F79EFBC}") = "Validators.Tests", "Validators.Tests\Validators.Tests.csproj", "{43BB39B4-202A-4384-BC4C-3026C3464DFF}"
EndProject
Project("{FAE04EC0-301F-11D3-BF4B-00C04F79EFBC}") = "CommonTestUtilities", "tests\CommonTestUtilities\CommonTestUtilities.csproj", "{04A4BF58-ECB9-47CA-AFAE-AD68BA0B2799}"
EndProject
Global
	GlobalSection(SolutionConfigurationPlatforms) = preSolution
		Debug|Any CPU = Debug|Any CPU
		Release|Any CPU = Release|Any CPU
	EndGlobalSection
	GlobalSection(NestedProjects) = preSolution
		{5698D7B2-0671-4815-918A-ED21CA5249A4} = {36121A32-0A5F-4ED4-A8B5-787B00C58EE0}
		{5779503A-F408-4638-AA3F-49CCAE626960} = {36121A32-0A5F-4ED4-A8B5-787B00C58EE0}
		{353D2DF3-FDAE-4784-8223-E8C23AAF4650} = {36121A32-0A5F-4ED4-A8B5-787B00C58EE0}
		{1957A294-AAB5-4E9B-BB16-56D10021A6D8} = {36121A32-0A5F-4ED4-A8B5-787B00C58EE0}
		{E7D70722-CAEB-4C72-B9D4-C1D3EC8723C5} = {36121A32-0A5F-4ED4-A8B5-787B00C58EE0}
		{BFF526A9-FC75-409A-BB32-47B1833B7A40} = {36121A32-0A5F-4ED4-A8B5-787B00C58EE0}
		{43BB39B4-202A-4384-BC4C-3026C3464DFF} = {EF249B96-26B7-49AC-8EB8-73F747DCDC55}
		{04A4BF58-ECB9-47CA-AFAE-AD68BA0B2799} = {EF249B96-26B7-49AC-8EB8-73F747DCDC55}
	EndGlobalSection
	GlobalSection(ProjectConfigurationPlatforms) = postSolution
		{5698D7B2-0671-4815-918A-ED21CA5249A4}.Debug|Any CPU.ActiveCfg = Debug|Any CPU
		{5698D7B2-0671-4815-918A-ED21CA5249A4}.Debug|Any CPU.Build.0 = Debug|Any CPU
		{5698D7B2-0671-4815-918A-ED21CA5249A4}.Release|Any CPU.ActiveCfg = Release|Any CPU
		{5698D7B2-0671-4815-918A-ED21CA5249A4}.Release|Any CPU.Build.0 = Release|Any CPU
		{5779503A-F408-4638-AA3F-49CCAE626960}.Debug|Any CPU.ActiveCfg = Debug|Any CPU
		{5779503A-F408-4638-AA3F-49CCAE626960}.Debug|Any CPU.Build.0 = Debug|Any CPU
		{5779503A-F408-4638-AA3F-49CCAE626960}.Release|Any CPU.ActiveCfg = Release|Any CPU
		{5779503A-F408-4638-AA3F-49CCAE626960}.Release|Any CPU.Build.0 = Release|Any CPU
		{353D2DF3-FDAE-4784-8223-E8C23AAF4650}.Debug|Any CPU.ActiveCfg = Debug|Any CPU
		{353D2DF3-FDAE-4784-8223-E8C23AAF4650}.Debug|Any CPU.Build.0 = Debug|Any CPU
		{353D2DF3-FDAE-4784-8223-E8C23AAF4650}.Release|Any CPU.ActiveCfg = Release|Any CPU
		{353D2DF3-FDAE-4784-8223-E8C23AAF4650}.Release|Any CPU.Build.0 = Release|Any CPU
		{1957A294-AAB5-4E9B-BB16-56D10021A6D8}.Debug|Any CPU.ActiveCfg = Debug|Any CPU
		{1957A294-AAB5-4E9B-BB16-56D10021A6D8}.Debug|Any CPU.Build.0 = Debug|Any CPU
		{1957A294-AAB5-4E9B-BB16-56D10021A6D8}.Release|Any CPU.ActiveCfg = Release|Any CPU
		{1957A294-AAB5-4E9B-BB16-56D10021A6D8}.Release|Any CPU.Build.0 = Release|Any CPU
		{E7D70722-CAEB-4C72-B9D4-C1D3EC8723C5}.Debug|Any CPU.ActiveCfg = Debug|Any CPU
		{E7D70722-CAEB-4C72-B9D4-C1D3EC8723C5}.Debug|Any CPU.Build.0 = Debug|Any CPU
		{E7D70722-CAEB-4C72-B9D4-C1D3EC8723C5}.Release|Any CPU.ActiveCfg = Release|Any CPU
		{E7D70722-CAEB-4C72-B9D4-C1D3EC8723C5}.Release|Any CPU.Build.0 = Release|Any CPU
		{BFF526A9-FC75-409A-BB32-47B1833B7A40}.Debug|Any CPU.ActiveCfg = Debug|Any CPU
		{BFF526A9-FC75-409A-BB32-47B1833B7A40}.Debug|Any CPU.Build.0 = Debug|Any CPU
		{BFF526A9-FC75-409A-BB32-47B1833B7A40}.Release|Any CPU.ActiveCfg = Release|Any CPU
		{BFF526A9-FC75-409A-BB32-47B1833B7A40}.Release|Any CPU.Build.0 = Release|Any CPU
		{43BB39B4-202A-4384-BC4C-3026C3464DFF}.Debug|Any CPU.ActiveCfg = Debug|Any CPU
		{43BB39B4-202A-4384-BC4C-3026C3464DFF}.Debug|Any CPU.Build.0 = Debug|Any CPU
		{43BB39B4-202A-4384-BC4C-3026C3464DFF}.Release|Any CPU.ActiveCfg = Release|Any CPU
		{43BB39B4-202A-4384-BC4C-3026C3464DFF}.Release|Any CPU.Build.0 = Release|Any CPU
		{04A4BF58-ECB9-47CA-AFAE-AD68BA0B2799}.Debug|Any CPU.ActiveCfg = Debug|Any CPU
		{04A4BF58-ECB9-47CA-AFAE-AD68BA0B2799}.Debug|Any CPU.Build.0 = Debug|Any CPU
		{04A4BF58-ECB9-47CA-AFAE-AD68BA0B2799}.Release|Any CPU.ActiveCfg = Release|Any CPU
		{04A4BF58-ECB9-47CA-AFAE-AD68BA0B2799}.Release|Any CPU.Build.0 = Release|Any CPU
	EndGlobalSection
EndGlobal
